
Microsoft Visual Studio Solution File, Format Version 12.00
# Visual Studio Version 17
VisualStudioVersion = 17.2.32630.192
MinimumVisualStudioVersion = 10.0.40219.1
Project("{FAE04EC0-301F-11D3-BF4B-00C04F79EFBC}") = "Testing0103", "Testing0103\Testing0103.csproj", "{7B336C99-9C86-4D53-B803-1005D49E5FAC}"
EndProject
Global
	GlobalSection(SolutionConfigurationPlatforms) = preSolution
		Debug|Any CPU = Debug|Any CPU
		Release|Any CPU = Release|Any CPU
	EndGlobalSection
	GlobalSection(ProjectConfigurationPlatforms) = postSolution
		{7B336C99-9C86-4D53-B803-1005D49E5FAC}.Debug|Any CPU.ActiveCfg = Debug|Any CPU
		{7B336C99-9C86-4D53-B803-1005D49E5FAC}.Debug|Any CPU.Build.0 = Debug|Any CPU
		{7B336C99-9C86-4D53-B803-1005D49E5FAC}.Release|Any CPU.ActiveCfg = Release|Any CPU
		{7B336C99-9C86-4D53-B803-1005D49E5FAC}.Release|Any CPU.Build.0 = Release|Any CPU
	EndGlobalSection
	GlobalSection(SolutionProperties) = preSolution
		HideSolutionNode = FALSE
	EndGlobalSection
	GlobalSection(ExtensibilityGlobals) = postSolution
		SolutionGuid = {849319C4-B303-43B0-A5C8-EE6E36CFCEED}
	EndGlobalSection
EndGlobal
